// !$*UTF8*$!
{
	archiveVersion = 1;
	classes = {
	};
	objectVersion = 46;
	objects = {

/* Begin PBXBuildFile section */
		A7263A1B1D7E8104008F6558 /* VirtualTourist_76.png in Resources */ = {isa = PBXBuildFile; fileRef = A7263A1A1D7E8104008F6558 /* VirtualTourist_76.png */; };
		A7263A241D7F2EEF008F6558 /* FlickrClient.swift in Sources */ = {isa = PBXBuildFile; fileRef = A7263A231D7F2EEF008F6558 /* FlickrClient.swift */; };
		A75E906D1E6B2C9E0079026F /* Photo.swift in Sources */ = {isa = PBXBuildFile; fileRef = A75E90691E6B2C9E0079026F /* Photo.swift */; };
		A75E906E1E6B2C9E0079026F /* Photo+CoreDataProperties.swift in Sources */ = {isa = PBXBuildFile; fileRef = A75E906A1E6B2C9E0079026F /* Photo+CoreDataProperties.swift */; };
		A75E906F1E6B2C9E0079026F /* Pin.swift in Sources */ = {isa = PBXBuildFile; fileRef = A75E906B1E6B2C9E0079026F /* Pin.swift */; };
		A75E90701E6B2C9E0079026F /* Pin+CoreDataProperties.swift in Sources */ = {isa = PBXBuildFile; fileRef = A75E906C1E6B2C9E0079026F /* Pin+CoreDataProperties.swift */; };
		A76050861DA39C940080EF95 /* VirtualTourist_512.png in Resources */ = {isa = PBXBuildFile; fileRef = A76050811DA39C940080EF95 /* VirtualTourist_512.png */; };
		A76050871DA39C940080EF95 /* VirtualTourist_180.png in Resources */ = {isa = PBXBuildFile; fileRef = A76050821DA39C940080EF95 /* VirtualTourist_180.png */; };
		A76050881DA39C940080EF95 /* VirtualTourist_152.png in Resources */ = {isa = PBXBuildFile; fileRef = A76050831DA39C940080EF95 /* VirtualTourist_152.png */; };
		A76050891DA39C940080EF95 /* VirtualTourist_120.png in Resources */ = {isa = PBXBuildFile; fileRef = A76050841DA39C940080EF95 /* VirtualTourist_120.png */; };
		A760508A1DA39C940080EF95 /* VirtualTourist_1024.png in Resources */ = {isa = PBXBuildFile; fileRef = A76050851DA39C940080EF95 /* VirtualTourist_1024.png */; };
		A764ED621D6B23D800F759E4 /* AppDelegate.swift in Sources */ = {isa = PBXBuildFile; fileRef = A764ED611D6B23D800F759E4 /* AppDelegate.swift */; };
		A764ED641D6B23D800F759E4 /* MainMapViewController.swift in Sources */ = {isa = PBXBuildFile; fileRef = A764ED631D6B23D800F759E4 /* MainMapViewController.swift */; };
		A764ED671D6B23D800F759E4 /* Main.storyboard in Resources */ = {isa = PBXBuildFile; fileRef = A764ED651D6B23D800F759E4 /* Main.storyboard */; };
		A764ED6A1D6B23D800F759E4 /* VirtualTourist.xcdatamodeld in Sources */ = {isa = PBXBuildFile; fileRef = A764ED681D6B23D800F759E4 /* VirtualTourist.xcdatamodeld */; };
		A764ED6C1D6B23D800F759E4 /* Assets.xcassets in Resources */ = {isa = PBXBuildFile; fileRef = A764ED6B1D6B23D800F759E4 /* Assets.xcassets */; };
		A764ED6F1D6B23D800F759E4 /* LaunchScreen.storyboard in Resources */ = {isa = PBXBuildFile; fileRef = A764ED6D1D6B23D800F759E4 /* LaunchScreen.storyboard */; };
		A77A21E11D78905900AC1A88 /* LaunchImage.png in Resources */ = {isa = PBXBuildFile; fileRef = A77A21E01D78905900AC1A88 /* LaunchImage.png */; };
		A7BA27351D7CA1070084D067 /* CoreDataStack.swift in Sources */ = {isa = PBXBuildFile; fileRef = A7BA27341D7CA1070084D067 /* CoreDataStack.swift */; };
		A7BA273F1D7D07FB0084D067 /* PhotoAlbumViewController.swift in Sources */ = {isa = PBXBuildFile; fileRef = A7BA273E1D7D07FB0084D067 /* PhotoAlbumViewController.swift */; };
		A7E9324E1E0724BD00E07F53 /* DesignNotes in Resources */ = {isa = PBXBuildFile; fileRef = A7E9324D1E0724BD00E07F53 /* DesignNotes */; };
		A7E932501E091C2C00E07F53 /* FlickerConstants.swift in Sources */ = {isa = PBXBuildFile; fileRef = A7E9324F1E091C2C00E07F53 /* FlickerConstants.swift */; };
		A7EC8E5A1D82786700E695AF /* PhotoViewCell.swift in Sources */ = {isa = PBXBuildFile; fileRef = A7EC8E591D82786700E695AF /* PhotoViewCell.swift */; };
/* End PBXBuildFile section */

/* Begin PBXFileReference section */
		A7263A1A1D7E8104008F6558 /* VirtualTourist_76.png */ = {isa = PBXFileReference; lastKnownFileType = image.png; path = VirtualTourist_76.png; sourceTree = "<group>"; };
		A7263A1C1D7EF9BF008F6558 /* VirtualTourist 2.xcdatamodel */ = {isa = PBXFileReference; lastKnownFileType = wrapper.xcdatamodel; path = "VirtualTourist 2.xcdatamodel"; sourceTree = "<group>"; };
		A7263A231D7F2EEF008F6558 /* FlickrClient.swift */ = {isa = PBXFileReference; fileEncoding = 4; lastKnownFileType = sourcecode.swift; lineEnding = 0; path = FlickrClient.swift; sourceTree = "<group>"; xcLanguageSpecificationIdentifier = xcode.lang.swift; };
		A75E90691E6B2C9E0079026F /* Photo.swift */ = {isa = PBXFileReference; fileEncoding = 4; lastKnownFileType = sourcecode.swift; path = Photo.swift; sourceTree = "<group>"; };
		A75E906A1E6B2C9E0079026F /* Photo+CoreDataProperties.swift */ = {isa = PBXFileReference; fileEncoding = 4; lastKnownFileType = sourcecode.swift; path = "Photo+CoreDataProperties.swift"; sourceTree = "<group>"; };
		A75E906B1E6B2C9E0079026F /* Pin.swift */ = {isa = PBXFileReference; fileEncoding = 4; lastKnownFileType = sourcecode.swift; path = Pin.swift; sourceTree = "<group>"; };
		A75E906C1E6B2C9E0079026F /* Pin+CoreDataProperties.swift */ = {isa = PBXFileReference; fileEncoding = 4; lastKnownFileType = sourcecode.swift; path = "Pin+CoreDataProperties.swift"; sourceTree = "<group>"; };
		A76050811DA39C940080EF95 /* VirtualTourist_512.png */ = {isa = PBXFileReference; lastKnownFileType = image.png; path = VirtualTourist_512.png; sourceTree = "<group>"; };
		A76050821DA39C940080EF95 /* VirtualTourist_180.png */ = {isa = PBXFileReference; lastKnownFileType = image.png; path = VirtualTourist_180.png; sourceTree = "<group>"; };
		A76050831DA39C940080EF95 /* VirtualTourist_152.png */ = {isa = PBXFileReference; lastKnownFileType = image.png; path = VirtualTourist_152.png; sourceTree = "<group>"; };
		A76050841DA39C940080EF95 /* VirtualTourist_120.png */ = {isa = PBXFileReference; lastKnownFileType = image.png; path = VirtualTourist_120.png; sourceTree = "<group>"; };
		A76050851DA39C940080EF95 /* VirtualTourist_1024.png */ = {isa = PBXFileReference; lastKnownFileType = image.png; path = VirtualTourist_1024.png; sourceTree = "<group>"; };
		A764ED5E1D6B23D800F759E4 /* VirtualTourist.app */ = {isa = PBXFileReference; explicitFileType = wrapper.application; includeInIndex = 0; path = VirtualTourist.app; sourceTree = BUILT_PRODUCTS_DIR; };
		A764ED611D6B23D800F759E4 /* AppDelegate.swift */ = {isa = PBXFileReference; lastKnownFileType = sourcecode.swift; lineEnding = 0; path = AppDelegate.swift; sourceTree = "<group>"; xcLanguageSpecificationIdentifier = xcode.lang.swift; };
		A764ED631D6B23D800F759E4 /* MainMapViewController.swift */ = {isa = PBXFileReference; lastKnownFileType = sourcecode.swift; lineEnding = 0; path = MainMapViewController.swift; sourceTree = "<group>"; xcLanguageSpecificationIdentifier = xcode.lang.swift; };
		A764ED661D6B23D800F759E4 /* Base */ = {isa = PBXFileReference; lastKnownFileType = file.storyboard; name = Base; path = Base.lproj/Main.storyboard; sourceTree = "<group>"; };
		A764ED691D6B23D800F759E4 /* VirtualTourist.xcdatamodel */ = {isa = PBXFileReference; lastKnownFileType = wrapper.xcdatamodel; path = VirtualTourist.xcdatamodel; sourceTree = "<group>"; };
		A764ED6B1D6B23D800F759E4 /* Assets.xcassets */ = {isa = PBXFileReference; lastKnownFileType = folder.assetcatalog; path = Assets.xcassets; sourceTree = "<group>"; };
		A764ED6E1D6B23D800F759E4 /* Base */ = {isa = PBXFileReference; lastKnownFileType = file.storyboard; name = Base; path = Base.lproj/LaunchScreen.storyboard; sourceTree = "<group>"; };
		A764ED701D6B23D800F759E4 /* Info.plist */ = {isa = PBXFileReference; lastKnownFileType = text.plist.xml; path = Info.plist; sourceTree = "<group>"; };
		A77A21E01D78905900AC1A88 /* LaunchImage.png */ = {isa = PBXFileReference; lastKnownFileType = image.png; path = LaunchImage.png; sourceTree = "<group>"; };
		A7BA27341D7CA1070084D067 /* CoreDataStack.swift */ = {isa = PBXFileReference; fileEncoding = 4; lastKnownFileType = sourcecode.swift; lineEnding = 0; path = CoreDataStack.swift; sourceTree = "<group>"; xcLanguageSpecificationIdentifier = xcode.lang.swift; };
		A7BA273E1D7D07FB0084D067 /* PhotoAlbumViewController.swift */ = {isa = PBXFileReference; fileEncoding = 4; lastKnownFileType = sourcecode.swift; lineEnding = 0; path = PhotoAlbumViewController.swift; sourceTree = "<group>"; xcLanguageSpecificationIdentifier = xcode.lang.swift; };
		A7E9324D1E0724BD00E07F53 /* DesignNotes */ = {isa = PBXFileReference; fileEncoding = 4; lastKnownFileType = text; path = DesignNotes; sourceTree = "<group>"; };
		A7E9324F1E091C2C00E07F53 /* FlickerConstants.swift */ = {isa = PBXFileReference; fileEncoding = 4; lastKnownFileType = sourcecode.swift; path = FlickerConstants.swift; sourceTree = "<group>"; };
		A7EC8E591D82786700E695AF /* PhotoViewCell.swift */ = {isa = PBXFileReference; fileEncoding = 4; lastKnownFileType = sourcecode.swift; path = PhotoViewCell.swift; sourceTree = "<group>"; };
/* End PBXFileReference section */

/* Begin PBXFrameworksBuildPhase section */
		A764ED5B1D6B23D800F759E4 /* Frameworks */ = {
			isa = PBXFrameworksBuildPhase;
			buildActionMask = 2147483647;
			files = (
			);
			runOnlyForDeploymentPostprocessing = 0;
		};
/* End PBXFrameworksBuildPhase section */

/* Begin PBXGroup section */
		A7263A641D806A09008F6558 /* Icons */ = {
			isa = PBXGroup;
			children = (
				A7263A1A1D7E8104008F6558 /* VirtualTourist_76.png */,
				A76050811DA39C940080EF95 /* VirtualTourist_512.png */,
				A76050821DA39C940080EF95 /* VirtualTourist_180.png */,
				A76050831DA39C940080EF95 /* VirtualTourist_152.png */,
				A76050841DA39C940080EF95 /* VirtualTourist_120.png */,
				A76050851DA39C940080EF95 /* VirtualTourist_1024.png */,
			);
			name = Icons;
			sourceTree = "<group>";
		};
		A764ED551D6B23D800F759E4 = {
			isa = PBXGroup;
			children = (
				A764ED601D6B23D800F759E4 /* VirtualTourist */,
				A764ED5F1D6B23D800F759E4 /* Products */,
			);
			sourceTree = "<group>";
		};
		A764ED5F1D6B23D800F759E4 /* Products */ = {
			isa = PBXGroup;
			children = (
				A764ED5E1D6B23D800F759E4 /* VirtualTourist.app */,
			);
			name = Products;
			sourceTree = "<group>";
		};
		A764ED601D6B23D800F759E4 /* VirtualTourist */ = {
			isa = PBXGroup;
			children = (
				A7EC8E581D82782F00E695AF /* View */,
				A7BA27401D7D0BD00084D067 /* Controller */,
				A7BA273A1D7CBEF70084D067 /* Models */,
				A764ED611D6B23D800F759E4 /* AppDelegate.swift */,
				A7BA27341D7CA1070084D067 /* CoreDataStack.swift */,
				A764ED651D6B23D800F759E4 /* Main.storyboard */,
				A764ED6B1D6B23D800F759E4 /* Assets.xcassets */,
				A7263A641D806A09008F6558 /* Icons */,
				A77A21E01D78905900AC1A88 /* LaunchImage.png */,
				A764ED6D1D6B23D800F759E4 /* LaunchScreen.storyboard */,
				A764ED701D6B23D800F759E4 /* Info.plist */,
				A764ED681D6B23D800F759E4 /* VirtualTourist.xcdatamodeld */,
			);
			path = VirtualTourist;
			sourceTree = "<group>";
		};
		A7BA273A1D7CBEF70084D067 /* Models */ = {
			isa = PBXGroup;
			children = (
				A7BA273B1D7CBF130084D067 /* Managed Objects */,
				A7263A231D7F2EEF008F6558 /* FlickrClient.swift */,
				A7E9324F1E091C2C00E07F53 /* FlickerConstants.swift */,
				A7E9324D1E0724BD00E07F53 /* DesignNotes */,
			);
			name = Models;
			sourceTree = "<group>";
		};
		A7BA273B1D7CBF130084D067 /* Managed Objects */ = {
			isa = PBXGroup;
			children = (
				A75E90691E6B2C9E0079026F /* Photo.swift */,
				A75E906A1E6B2C9E0079026F /* Photo+CoreDataProperties.swift */,
				A75E906B1E6B2C9E0079026F /* Pin.swift */,
				A75E906C1E6B2C9E0079026F /* Pin+CoreDataProperties.swift */,
			);
			name = "Managed Objects";
			sourceTree = "<group>";
		};
		A7BA27401D7D0BD00084D067 /* Controller */ = {
			isa = PBXGroup;
			children = (
				A764ED631D6B23D800F759E4 /* MainMapViewController.swift */,
				A7BA273E1D7D07FB0084D067 /* PhotoAlbumViewController.swift */,
			);
			name = Controller;
			sourceTree = "<group>";
		};
		A7EC8E581D82782F00E695AF /* View */ = {
			isa = PBXGroup;
			children = (
				A7EC8E591D82786700E695AF /* PhotoViewCell.swift */,
			);
			name = View;
			sourceTree = "<group>";
		};
/* End PBXGroup section */

/* Begin PBXNativeTarget section */
		A764ED5D1D6B23D800F759E4 /* VirtualTourist */ = {
			isa = PBXNativeTarget;
			buildConfigurationList = A764ED731D6B23D800F759E4 /* Build configuration list for PBXNativeTarget "VirtualTourist" */;
			buildPhases = (
				A764ED5A1D6B23D800F759E4 /* Sources */,
				A764ED5B1D6B23D800F759E4 /* Frameworks */,
				A764ED5C1D6B23D800F759E4 /* Resources */,
			);
			buildRules = (
			);
			dependencies = (
			);
			name = VirtualTourist;
			productName = VirtualTourist;
			productReference = A764ED5E1D6B23D800F759E4 /* VirtualTourist.app */;
			productType = "com.apple.product-type.application";
		};
/* End PBXNativeTarget section */

/* Begin PBXProject section */
		A764ED561D6B23D800F759E4 /* Project object */ = {
			isa = PBXProject;
			attributes = {
				LastSwiftUpdateCheck = 0730;
				LastUpgradeCheck = 0800;
				ORGANIZATIONNAME = "James Jongs";
				TargetAttributes = {
					A764ED5D1D6B23D800F759E4 = {
						CreatedOnToolsVersion = 7.3.1;
						DevelopmentTeam = T37NKE3UT9;
						LastSwiftMigration = 0800;
					};
				};
			};
			buildConfigurationList = A764ED591D6B23D800F759E4 /* Build configuration list for PBXProject "VirtualTourist" */;
			compatibilityVersion = "Xcode 3.2";
			developmentRegion = English;
			hasScannedForEncodings = 0;
			knownRegions = (
				en,
				Base,
			);
			mainGroup = A764ED551D6B23D800F759E4;
			productRefGroup = A764ED5F1D6B23D800F759E4 /* Products */;
			projectDirPath = "";
			projectRoot = "";
			targets = (
				A764ED5D1D6B23D800F759E4 /* VirtualTourist */,
			);
		};
/* End PBXProject section */

/* Begin PBXResourcesBuildPhase section */
		A764ED5C1D6B23D800F759E4 /* Resources */ = {
			isa = PBXResourcesBuildPhase;
			buildActionMask = 2147483647;
			files = (
				A76050891DA39C940080EF95 /* VirtualTourist_120.png in Resources */,
				A77A21E11D78905900AC1A88 /* LaunchImage.png in Resources */,
				A76050881DA39C940080EF95 /* VirtualTourist_152.png in Resources */,
				A760508A1DA39C940080EF95 /* VirtualTourist_1024.png in Resources */,
				A76050871DA39C940080EF95 /* VirtualTourist_180.png in Resources */,
				A7263A1B1D7E8104008F6558 /* VirtualTourist_76.png in Resources */,
				A764ED6F1D6B23D800F759E4 /* LaunchScreen.storyboard in Resources */,
				A7E9324E1E0724BD00E07F53 /* DesignNotes in Resources */,
				A764ED6C1D6B23D800F759E4 /* Assets.xcassets in Resources */,
				A764ED671D6B23D800F759E4 /* Main.storyboard in Resources */,
				A76050861DA39C940080EF95 /* VirtualTourist_512.png in Resources */,
			);
			runOnlyForDeploymentPostprocessing = 0;
		};
/* End PBXResourcesBuildPhase section */

/* Begin PBXSourcesBuildPhase section */
		A764ED5A1D6B23D800F759E4 /* Sources */ = {
			isa = PBXSourcesBuildPhase;
			buildActionMask = 2147483647;
			files = (
				A764ED641D6B23D800F759E4 /* MainMapViewController.swift in Sources */,
				A75E90701E6B2C9E0079026F /* Pin+CoreDataProperties.swift in Sources */,
				A75E906F1E6B2C9E0079026F /* Pin.swift in Sources */,
				A7E932501E091C2C00E07F53 /* FlickerConstants.swift in Sources */,
				A7263A241D7F2EEF008F6558 /* FlickrClient.swift in Sources */,
				A75E906D1E6B2C9E0079026F /* Photo.swift in Sources */,
				A764ED621D6B23D800F759E4 /* AppDelegate.swift in Sources */,
				A764ED6A1D6B23D800F759E4 /* VirtualTourist.xcdatamodeld in Sources */,
				A7BA27351D7CA1070084D067 /* CoreDataStack.swift in Sources */,
				A7BA273F1D7D07FB0084D067 /* PhotoAlbumViewController.swift in Sources */,
				A75E906E1E6B2C9E0079026F /* Photo+CoreDataProperties.swift in Sources */,
				A7EC8E5A1D82786700E695AF /* PhotoViewCell.swift in Sources */,
			);
			runOnlyForDeploymentPostprocessing = 0;
		};
/* End PBXSourcesBuildPhase section */

/* Begin PBXVariantGroup section */
		A764ED651D6B23D800F759E4 /* Main.storyboard */ = {
			isa = PBXVariantGroup;
			children = (
				A764ED661D6B23D800F759E4 /* Base */,
			);
			name = Main.storyboard;
			sourceTree = "<group>";
		};
		A764ED6D1D6B23D800F759E4 /* LaunchScreen.storyboard */ = {
			isa = PBXVariantGroup;
			children = (
				A764ED6E1D6B23D800F759E4 /* Base */,
			);
			name = LaunchScreen.storyboard;
			sourceTree = "<group>";
		};
/* End PBXVariantGroup section */

/* Begin XCBuildConfiguration section */
		A764ED711D6B23D800F759E4 /* Debug */ = {
			isa = XCBuildConfiguration;
			buildSettings = {
				ALWAYS_SEARCH_USER_PATHS = NO;
				CLANG_ANALYZER_NONNULL = YES;
				CLANG_CXX_LANGUAGE_STANDARD = "gnu++0x";
				CLANG_CXX_LIBRARY = "libc++";
				CLANG_ENABLE_MODULES = YES;
				CLANG_ENABLE_OBJC_ARC = YES;
				CLANG_WARN_BOOL_CONVERSION = YES;
				CLANG_WARN_CONSTANT_CONVERSION = YES;
				CLANG_WARN_DIRECT_OBJC_ISA_USAGE = YES_ERROR;
				CLANG_WARN_EMPTY_BODY = YES;
				CLANG_WARN_ENUM_CONVERSION = YES;
				CLANG_WARN_INFINITE_RECURSION = YES;
				CLANG_WARN_INT_CONVERSION = YES;
				CLANG_WARN_OBJC_ROOT_CLASS = YES_ERROR;
				CLANG_WARN_SUSPICIOUS_MOVE = YES;
				CLANG_WARN_UNREACHABLE_CODE = YES;
				CLANG_WARN__DUPLICATE_METHOD_MATCH = YES;
				"CODE_SIGN_IDENTITY[sdk=iphoneos*]" = "iPhone Developer";
				COPY_PHASE_STRIP = NO;
				DEBUG_INFORMATION_FORMAT = dwarf;
				ENABLE_STRICT_OBJC_MSGSEND = YES;
				ENABLE_TESTABILITY = YES;
				GCC_C_LANGUAGE_STANDARD = gnu99;
				GCC_DYNAMIC_NO_PIC = NO;
				GCC_NO_COMMON_BLOCKS = YES;
				GCC_OPTIMIZATION_LEVEL = 0;
				GCC_PREPROCESSOR_DEFINITIONS = (
					"DEBUG=1",
					"$(inherited)",
				);
				GCC_WARN_64_TO_32_BIT_CONVERSION = YES;
				GCC_WARN_ABOUT_RETURN_TYPE = YES_ERROR;
				GCC_WARN_UNDECLARED_SELECTOR = YES;
				GCC_WARN_UNINITIALIZED_AUTOS = YES_AGGRESSIVE;
				GCC_WARN_UNUSED_FUNCTION = YES;
				GCC_WARN_UNUSED_VARIABLE = YES;
				IPHONEOS_DEPLOYMENT_TARGET = 9.3;
				MTL_ENABLE_DEBUG_INFO = YES;
				ONLY_ACTIVE_ARCH = YES;
				SDKROOT = iphoneos;
				SWIFT_OPTIMIZATION_LEVEL = "-Onone";
				TARGETED_DEVICE_FAMILY = "1,2";
			};
			name = Debug;
		};
		A764ED721D6B23D800F759E4 /* Release */ = {
			isa = XCBuildConfiguration;
			buildSettings = {
				ALWAYS_SEARCH_USER_PATHS = NO;
				CLANG_ANALYZER_NONNULL = YES;
				CLANG_CXX_LANGUAGE_STANDARD = "gnu++0x";
				CLANG_CXX_LIBRARY = "libc++";
				CLANG_ENABLE_MODULES = YES;
				CLANG_ENABLE_OBJC_ARC = YES;
				CLANG_WARN_BOOL_CONVERSION = YES;
				CLANG_WARN_CONSTANT_CONVERSION = YES;
				CLANG_WARN_DIRECT_OBJC_ISA_USAGE = YES_ERROR;
				CLANG_WARN_EMPTY_BODY = YES;
				CLANG_WARN_ENUM_CONVERSION = YES;
				CLANG_WARN_INFINITE_RECURSION = YES;
				CLANG_WARN_INT_CONVERSION = YES;
				CLANG_WARN_OBJC_ROOT_CLASS = YES_ERROR;
				CLANG_WARN_SUSPICIOUS_MOVE = YES;
				CLANG_WARN_UNREACHABLE_CODE = YES;
				CLANG_WARN__DUPLICATE_METHOD_MATCH = YES;
				"CODE_SIGN_IDENTITY[sdk=iphoneos*]" = "iPhone Developer";
				COPY_PHASE_STRIP = NO;
				DEBUG_INFORMATION_FORMAT = "dwarf-with-dsym";
				ENABLE_NS_ASSERTIONS = NO;
				ENABLE_STRICT_OBJC_MSGSEND = YES;
				GCC_C_LANGUAGE_STANDARD = gnu99;
				GCC_NO_COMMON_BLOCKS = YES;
				GCC_WARN_64_TO_32_BIT_CONVERSION = YES;
				GCC_WARN_ABOUT_RETURN_TYPE = YES_ERROR;
				GCC_WARN_UNDECLARED_SELECTOR = YES;
				GCC_WARN_UNINITIALIZED_AUTOS = YES_AGGRESSIVE;
				GCC_WARN_UNUSED_FUNCTION = YES;
				GCC_WARN_UNUSED_VARIABLE = YES;
				IPHONEOS_DEPLOYMENT_TARGET = 9.3;
				MTL_ENABLE_DEBUG_INFO = NO;
				SDKROOT = iphoneos;
				SWIFT_OPTIMIZATION_LEVEL = "-Owholemodule";
				TARGETED_DEVICE_FAMILY = "1,2";
				VALIDATE_PRODUCT = YES;
			};
			name = Release;
		};
		A764ED741D6B23D800F759E4 /* Debug */ = {
			isa = XCBuildConfiguration;
			buildSettings = {
				ASSETCATALOG_COMPILER_APPICON_NAME = AppIcon;
				INFOPLIST_FILE = VirtualTourist/Info.plist;
				LD_RUNPATH_SEARCH_PATHS = "$(inherited) @executable_path/Frameworks";
				PRODUCT_BUNDLE_IDENTIFIER = JamesJongs.VirtualTourist;
				PRODUCT_NAME = "$(TARGET_NAME)";
				SWIFT_VERSION = 3.0;
			};
			name = Debug;
		};
		A764ED751D6B23D800F759E4 /* Release */ = {
			isa = XCBuildConfiguration;
			buildSettings = {
				ASSETCATALOG_COMPILER_APPICON_NAME = AppIcon;
				INFOPLIST_FILE = VirtualTourist/Info.plist;
				LD_RUNPATH_SEARCH_PATHS = "$(inherited) @executable_path/Frameworks";
				PRODUCT_BUNDLE_IDENTIFIER = JamesJongs.VirtualTourist;
				PRODUCT_NAME = "$(TARGET_NAME)";
				SWIFT_VERSION = 3.0;
			};
			name = Release;
		};
/* End XCBuildConfiguration section */

/* Begin XCConfigurationList section */
		A764ED591D6B23D800F759E4 /* Build configuration list for PBXProject "VirtualTourist" */ = {
			isa = XCConfigurationList;
			buildConfigurations = (
				A764ED711D6B23D800F759E4 /* Debug */,
				A764ED721D6B23D800F759E4 /* Release */,
			);
			defaultConfigurationIsVisible = 0;
			defaultConfigurationName = Release;
		};
		A764ED731D6B23D800F759E4 /* Build configuration list for PBXNativeTarget "VirtualTourist" */ = {
			isa = XCConfigurationList;
			buildConfigurations = (
				A764ED741D6B23D800F759E4 /* Debug */,
				A764ED751D6B23D800F759E4 /* Release */,
			);
			defaultConfigurationIsVisible = 0;
			defaultConfigurationName = Release;
		};
/* End XCConfigurationList section */

/* Begin XCVersionGroup section */
		A764ED681D6B23D800F759E4 /* VirtualTourist.xcdatamodeld */ = {
			isa = XCVersionGroup;
			children = (
				A7263A1C1D7EF9BF008F6558 /* VirtualTourist 2.xcdatamodel */,
				A764ED691D6B23D800F759E4 /* VirtualTourist.xcdatamodel */,
			);
			currentVersion = A7263A1C1D7EF9BF008F6558 /* VirtualTourist 2.xcdatamodel */;
			path = VirtualTourist.xcdatamodeld;
			sourceTree = "<group>";
			versionGroupType = wrapper.xcdatamodel;
		};
/* End XCVersionGroup section */
	};
	rootObject = A764ED561D6B23D800F759E4 /* Project object */;
}
